// !$*UTF8*$!
{
	archiveVersion = 1;
	classes = {
	};
	objectVersion = 46;
	objects = {

/* Begin PBXBuildFile section */
		42DD8F4B19D410B1007E1B4A /* AppDelegate.swift in Sources */ = {isa = PBXBuildFile; fileRef = 42DD8F4A19D410B1007E1B4A /* AppDelegate.swift */; };
		42DD8F4D19D410B1007E1B4A /* ViewController.swift in Sources */ = {isa = PBXBuildFile; fileRef = 42DD8F4C19D410B1007E1B4A /* ViewController.swift */; };
		42DD8F5019D410B1007E1B4A /* Main.storyboard in Resources */ = {isa = PBXBuildFile; fileRef = 42DD8F4E19D410B1007E1B4A /* Main.storyboard */; };
		42DD8F5219D410B1007E1B4A /* Images.xcassets in Resources */ = {isa = PBXBuildFile; fileRef = 42DD8F5119D410B1007E1B4A /* Images.xcassets */; };
		42DD8F5519D410B1007E1B4A /* LaunchScreen.xib in Resources */ = {isa = PBXBuildFile; fileRef = 42DD8F5319D410B1007E1B4A /* LaunchScreen.xib */; };
		42DD8F6119D410B2007E1B4A /* PostcardTests.swift in Sources */ = {isa = PBXBuildFile; fileRef = 42DD8F6019D410B2007E1B4A /* PostcardTests.swift */; };
/* End PBXBuildFile section */

/* Begin PBXContainerItemProxy section */
		42DD8F5B19D410B2007E1B4A /* PBXContainerItemProxy */ = {
			isa = PBXContainerItemProxy;
			containerPortal = 42DD8F3D19D410B1007E1B4A /* Project object */;
			proxyType = 1;
			remoteGlobalIDString = 42DD8F4419D410B1007E1B4A;
			remoteInfo = Postcard;
		};
/* End PBXContainerItemProxy section */

/* Begin PBXFileReference section */
		42DD8F4519D410B1007E1B4A /* Postcard.app */ = {isa = PBXFileReference; explicitFileType = wrapper.application; includeInIndex = 0; path = Postcard.app; sourceTree = BUILT_PRODUCTS_DIR; };
		42DD8F4919D410B1007E1B4A /* Info.plist */ = {isa = PBXFileReference; lastKnownFileType = text.plist.xml; path = Info.plist; sourceTree = "<group>"; };
		42DD8F4A19D410B1007E1B4A /* AppDelegate.swift */ = {isa = PBXFileReference; lastKnownFileType = sourcecode.swift; path = AppDelegate.swift; sourceTree = "<group>"; };
		42DD8F4C19D410B1007E1B4A /* ViewController.swift */ = {isa = PBXFileReference; lastKnownFileType = sourcecode.swift; path = ViewController.swift; sourceTree = "<group>"; };
		42DD8F4F19D410B1007E1B4A /* Base */ = {isa = PBXFileReference; lastKnownFileType = file.storyboard; name = Base; path = Base.lproj/Main.storyboard; sourceTree = "<group>"; };
		42DD8F5119D410B1007E1B4A /* Images.xcassets */ = {isa = PBXFileReference; lastKnownFileType = folder.assetcatalog; path = Images.xcassets; sourceTree = "<group>"; };
		42DD8F5419D410B1007E1B4A /* Base */ = {isa = PBXFileReference; lastKnownFileType = file.xib; name = Base; path = Base.lproj/LaunchScreen.xib; sourceTree = "<group>"; };
		42DD8F5A19D410B2007E1B4A /* PostcardTests.xctest */ = {isa = PBXFileReference; explicitFileType = wrapper.cfbundle; includeInIndex = 0; path = PostcardTests.xctest; sourceTree = BUILT_PRODUCTS_DIR; };
		42DD8F5F19D410B2007E1B4A /* Info.plist */ = {isa = PBXFileReference; lastKnownFileType = text.plist.xml; path = Info.plist; sourceTree = "<group>"; };
		42DD8F6019D410B2007E1B4A /* PostcardTests.swift */ = {isa = PBXFileReference; lastKnownFileType = sourcecode.swift; path = PostcardTests.swift; sourceTree = "<group>"; };
/* End PBXFileReference section */

/* Begin PBXFrameworksBuildPhase section */
		42DD8F4219D410B1007E1B4A /* Frameworks */ = {
			isa = PBXFrameworksBuildPhase;
			buildActionMask = 2147483647;
			files = (
			);
			runOnlyForDeploymentPostprocessing = 0;
		};
		42DD8F5719D410B2007E1B4A /* Frameworks */ = {
			isa = PBXFrameworksBuildPhase;
			buildActionMask = 2147483647;
			files = (
			);
			runOnlyForDeploymentPostprocessing = 0;
		};
/* End PBXFrameworksBuildPhase section */

/* Begin PBXGroup section */
		42DD8F3C19D410B1007E1B4A = {
			isa = PBXGroup;
			children = (
				42DD8F4719D410B1007E1B4A /* Postcard */,
				42DD8F5D19D410B2007E1B4A /* PostcardTests */,
				42DD8F4619D410B1007E1B4A /* Products */,
			);
			sourceTree = "<group>";
		};
		42DD8F4619D410B1007E1B4A /* Products */ = {
			isa = PBXGroup;
			children = (
				42DD8F4519D410B1007E1B4A /* Postcard.app */,
				42DD8F5A19D410B2007E1B4A /* PostcardTests.xctest */,
			);
			name = Products;
			sourceTree = "<group>";
		};
		42DD8F4719D410B1007E1B4A /* Postcard */ = {
			isa = PBXGroup;
			children = (
				42DD8F4A19D410B1007E1B4A /* AppDelegate.swift */,
				42DD8F4C19D410B1007E1B4A /* ViewController.swift */,
				42DD8F4E19D410B1007E1B4A /* Main.storyboard */,
				42DD8F5119D410B1007E1B4A /* Images.xcassets */,
				42DD8F5319D410B1007E1B4A /* LaunchScreen.xib */,
				42DD8F4819D410B1007E1B4A /* Supporting Files */,
			);
			path = Postcard;
			sourceTree = "<group>";
		};
		42DD8F4819D410B1007E1B4A /* Supporting Files */ = {
			isa = PBXGroup;
			children = (
				42DD8F4919D410B1007E1B4A /* Info.plist */,
			);
			name = "Supporting Files";
			sourceTree = "<group>";
		};
		42DD8F5D19D410B2007E1B4A /* PostcardTests */ = {
			isa = PBXGroup;
			children = (
				42DD8F6019D410B2007E1B4A /* PostcardTests.swift */,
				42DD8F5E19D410B2007E1B4A /* Supporting Files */,
			);
			path = PostcardTests;
			sourceTree = "<group>";
		};
		42DD8F5E19D410B2007E1B4A /* Supporting Files */ = {
			isa = PBXGroup;
			children = (
				42DD8F5F19D410B2007E1B4A /* Info.plist */,
			);
			name = "Supporting Files";
			sourceTree = "<group>";
		};
/* End PBXGroup section */

/* Begin PBXNativeTarget section */
		42DD8F4419D410B1007E1B4A /* Postcard */ = {
			isa = PBXNativeTarget;
			buildConfigurationList = 42DD8F6419D410B2007E1B4A /* Build configuration list for PBXNativeTarget "Postcard" */;
			buildPhases = (
				42DD8F4119D410B1007E1B4A /* Sources */,
				42DD8F4219D410B1007E1B4A /* Frameworks */,
				42DD8F4319D410B1007E1B4A /* Resources */,
			);
			buildRules = (
			);
			dependencies = (
			);
			name = Postcard;
			productName = Postcard;
			productReference = 42DD8F4519D410B1007E1B4A /* Postcard.app */;
			productType = "com.apple.product-type.application";
		};
		42DD8F5919D410B2007E1B4A /* PostcardTests */ = {
			isa = PBXNativeTarget;
			buildConfigurationList = 42DD8F6719D410B2007E1B4A /* Build configuration list for PBXNativeTarget "PostcardTests" */;
			buildPhases = (
				42DD8F5619D410B2007E1B4A /* Sources */,
				42DD8F5719D410B2007E1B4A /* Frameworks */,
				42DD8F5819D410B2007E1B4A /* Resources */,
			);
			buildRules = (
			);
			dependencies = (
				42DD8F5C19D410B2007E1B4A /* PBXTargetDependency */,
			);
			name = PostcardTests;
			productName = PostcardTests;
			productReference = 42DD8F5A19D410B2007E1B4A /* PostcardTests.xctest */;
			productType = "com.apple.product-type.bundle.unit-test";
		};
/* End PBXNativeTarget section */

/* Begin PBXProject section */
		42DD8F3D19D410B1007E1B4A /* Project object */ = {
			isa = PBXProject;
			attributes = {
				LastUpgradeCheck = 0600;
				ORGANIZATIONNAME = "Jonathan Navarro";
				TargetAttributes = {
					42DD8F4419D410B1007E1B4A = {
						CreatedOnToolsVersion = 6.0.1;
					};
					42DD8F5919D410B2007E1B4A = {
						CreatedOnToolsVersion = 6.0.1;
						TestTargetID = 42DD8F4419D410B1007E1B4A;
					};
				};
			};
			buildConfigurationList = 42DD8F4019D410B1007E1B4A /* Build configuration list for PBXProject "Postcard" */;
			compatibilityVersion = "Xcode 3.2";
			developmentRegion = English;
			hasScannedForEncodings = 0;
			knownRegions = (
				en,
				Base,
			);
			mainGroup = 42DD8F3C19D410B1007E1B4A;
			productRefGroup = 42DD8F4619D410B1007E1B4A /* Products */;
			projectDirPath = "";
			projectRoot = "";
			targets = (
				42DD8F4419D410B1007E1B4A /* Postcard */,
				42DD8F5919D410B2007E1B4A /* PostcardTests */,
			);
		};
/* End PBXProject section */

/* Begin PBXResourcesBuildPhase section */
		42DD8F4319D410B1007E1B4A /* Resources */ = {
			isa = PBXResourcesBuildPhase;
			buildActionMask = 2147483647;
			files = (
				42DD8F5019D410B1007E1B4A /* Main.storyboard in Resources */,
				42DD8F5519D410B1007E1B4A /* LaunchScreen.xib in Resources */,
				42DD8F5219D410B1007E1B4A /* Images.xcassets in Resources */,
			);
			runOnlyForDeploymentPostprocessing = 0;
		};
		42DD8F5819D410B2007E1B4A /* Resources */ = {
			isa = PBXResourcesBuildPhase;
			buildActionMask = 2147483647;
			files = (
			);
			runOnlyForDeploymentPostprocessing = 0;
		};
/* End PBXResourcesBuildPhase section */

/* Begin PBXSourcesBuildPhase section */
		42DD8F4119D410B1007E1B4A /* Sources */ = {
			isa = PBXSourcesBuildPhase;
			buildActionMask = 2147483647;
			files = (
				42DD8F4D19D410B1007E1B4A /* ViewController.swift in Sources */,
				42DD8F4B19D410B1007E1B4A /* AppDelegate.swift in Sources */,
			);
			runOnlyForDeploymentPostprocessing = 0;
		};
		42DD8F5619D410B2007E1B4A /* Sources */ = {
			isa = PBXSourcesBuildPhase;
			buildActionMask = 2147483647;
			files = (
				42DD8F6119D410B2007E1B4A /* PostcardTests.swift in Sources */,
			);
			runOnlyForDeploymentPostprocessing = 0;
		};
/* End PBXSourcesBuildPhase section */

/* Begin PBXTargetDependency section */
		42DD8F5C19D410B2007E1B4A /* PBXTargetDependency */ = {
			isa = PBXTargetDependency;
			target = 42DD8F4419D410B1007E1B4A /* Postcard */;
			targetProxy = 42DD8F5B19D410B2007E1B4A /* PBXContainerItemProxy */;
		};
/* End PBXTargetDependency section */

/* Begin PBXVariantGroup section */
		42DD8F4E19D410B1007E1B4A /* Main.storyboard */ = {
			isa = PBXVariantGroup;
			children = (
				42DD8F4F19D410B1007E1B4A /* Base */,
			);
			name = Main.storyboard;
			sourceTree = "<group>";
		};
		42DD8F5319D410B1007E1B4A /* LaunchScreen.xib */ = {
			isa = PBXVariantGroup;
			children = (
				42DD8F5419D410B1007E1B4A /* Base */,
			);
			name = LaunchScreen.xib;
			sourceTree = "<group>";
		};
/* End PBXVariantGroup section */

/* Begin XCBuildConfiguration section */
		42DD8F6219D410B2007E1B4A /* Debug */ = {
			isa = XCBuildConfiguration;
			buildSettings = {
				ALWAYS_SEARCH_USER_PATHS = NO;
				CLANG_CXX_LANGUAGE_STANDARD = "gnu++0x";
				CLANG_CXX_LIBRARY = "libc++";
				CLANG_ENABLE_MODULES = YES;
				CLANG_ENABLE_OBJC_ARC = YES;
				CLANG_WARN_BOOL_CONVERSION = YES;
				CLANG_WARN_CONSTANT_CONVERSION = YES;
				CLANG_WARN_DIRECT_OBJC_ISA_USAGE = YES_ERROR;
				CLANG_WARN_EMPTY_BODY = YES;
				CLANG_WARN_ENUM_CONVERSION = YES;
				CLANG_WARN_INT_CONVERSION = YES;
				CLANG_WARN_OBJC_ROOT_CLASS = YES_ERROR;
				CLANG_WARN_UNREACHABLE_CODE = YES;
				CLANG_WARN__DUPLICATE_METHOD_MATCH = YES;
				"CODE_SIGN_IDENTITY[sdk=iphoneos*]" = "iPhone Developer";
				COPY_PHASE_STRIP = NO;
				ENABLE_STRICT_OBJC_MSGSEND = YES;
				GCC_C_LANGUAGE_STANDARD = gnu99;
				GCC_DYNAMIC_NO_PIC = NO;
				GCC_OPTIMIZATION_LEVEL = 0;
				GCC_PREPROCESSOR_DEFINITIONS = (
					"DEBUG=1",
					"$(inherited)",
				);
				GCC_SYMBOLS_PRIVATE_EXTERN = NO;
				GCC_WARN_64_TO_32_BIT_CONVERSION = YES;
				GCC_WARN_ABOUT_RETURN_TYPE = YES_ERROR;
				GCC_WARN_UNDECLARED_SELECTOR = YES;
				GCC_WARN_UNINITIALIZED_AUTOS = YES_AGGRESSIVE;
				GCC_WARN_UNUSED_FUNCTION = YES;
				GCC_WARN_UNUSED_VARIABLE = YES;
				IPHONEOS_DEPLOYMENT_TARGET = 8.0;
				MTL_ENABLE_DEBUG_INFO = YES;
				ONLY_ACTIVE_ARCH = YES;
				SDKROOT = iphoneos;
				SWIFT_OPTIMIZATION_LEVEL = "-Onone";
			};
			name = Debug;
		};
		42DD8F6319D410B2007E1B4A /* Release */ = {
			isa = XCBuildConfiguration;
			buildSettings = {
				ALWAYS_SEARCH_USER_PATHS = NO;
				CLANG_CXX_LANGUAGE_STANDARD = "gnu++0x";
				CLANG_CXX_LIBRARY = "libc++";
				CLANG_ENABLE_MODULES = YES;
				CLANG_ENABLE_OBJC_ARC = YES;
				CLANG_WARN_BOOL_CONVERSION = YES;
				CLANG_WARN_CONSTANT_CONVERSION = YES;
				CLANG_WARN_DIRECT_OBJC_ISA_USAGE = YES_ERROR;
				CLANG_WARN_EMPTY_BODY = YES;
				CLANG_WARN_ENUM_CONVERSION = YES;
				CLANG_WARN_INT_CONVERSION = YES;
				CLANG_WARN_OBJC_ROOT_CLASS = YES_ERROR;
				CLANG_WARN_UNREACHABLE_CODE = YES;
				CLANG_WARN__DUPLICATE_METHOD_MATCH = YES;
				"CODE_SIGN_IDENTITY[sdk=iphoneos*]" = "iPhone Developer";
				COPY_PHASE_STRIP = YES;
				ENABLE_NS_ASSERTIONS = NO;
				ENABLE_STRICT_OBJC_MSGSEND = YES;
				GCC_C_LANGUAGE_STANDARD = gnu99;
				GCC_WARN_64_TO_32_BIT_CONVERSION = YES;
				GCC_WARN_ABOUT_RETURN_TYPE = YES_ERROR;
				GCC_WARN_UNDECLARED_SELECTOR = YES;
				GCC_WARN_UNINITIALIZED_AUTOS = YES_AGGRESSIVE;
				GCC_WARN_UNUSED_FUNCTION = YES;
				GCC_WARN_UNUSED_VARIABLE = YES;
				IPHONEOS_DEPLOYMENT_TARGET = 8.0;
				MTL_ENABLE_DEBUG_INFO = NO;
				SDKROOT = iphoneos;
				VALIDATE_PRODUCT = YES;
			};
			name = Release;
		};
		42DD8F6519D410B2007E1B4A /* Debug */ = {
			isa = XCBuildConfiguration;
			buildSettings = {
				ASSETCATALOG_COMPILER_APPICON_NAME = AppIcon;
				INFOPLIST_FILE = Postcard/Info.plist;
				LD_RUNPATH_SEARCH_PATHS = "$(inherited) @executable_path/Frameworks";
				PRODUCT_NAME = "$(TARGET_NAME)";
			};
			name = Debug;
		};
		42DD8F6619D410B2007E1B4A /* Release */ = {
			isa = XCBuildConfiguration;
			buildSettings = {
				ASSETCATALOG_COMPILER_APPICON_NAME = AppIcon;
				INFOPLIST_FILE = Postcard/Info.plist;
				LD_RUNPATH_SEARCH_PATHS = "$(inherited) @executable_path/Frameworks";
				PRODUCT_NAME = "$(TARGET_NAME)";
			};
			name = Release;
		};
		42DD8F6819D410B2007E1B4A /* Debug */ = {
			isa = XCBuildConfiguration;
			buildSettings = {
				BUNDLE_LOADER = "$(TEST_HOST)";
				FRAMEWORK_SEARCH_PATHS = (
					"$(SDKROOT)/Developer/Library/Frameworks",
					"$(inherited)",
				);
				GCC_PREPROCESSOR_DEFINITIONS = (
					"DEBUG=1",
					"$(inherited)",
				);
				INFOPLIST_FILE = PostcardTests/Info.plist;
				LD_RUNPATH_SEARCH_PATHS = "$(inherited) @executable_path/Frameworks @loader_path/Frameworks";
				PRODUCT_NAME = "$(TARGET_NAME)";
				TEST_HOST = "$(BUILT_PRODUCTS_DIR)/Postcard.app/Postcard";
			};
			name = Debug;
		};
		42DD8F6919D410B2007E1B4A /* Release */ = {
			isa = XCBuildConfiguration;
			buildSettings = {
				BUNDLE_LOADER = "$(TEST_HOST)";
				FRAMEWORK_SEARCH_PATHS = (
					"$(SDKROOT)/Developer/Library/Frameworks",
					"$(inherited)",
				);
				INFOPLIST_FILE = PostcardTests/Info.plist;
				LD_RUNPATH_SEARCH_PATHS = "$(inherited) @executable_path/Frameworks @loader_path/Frameworks";
				PRODUCT_NAME = "$(TARGET_NAME)";
				TEST_HOST = "$(BUILT_PRODUCTS_DIR)/Postcard.app/Postcard";
			};
			name = Release;
		};
/* End XCBuildConfiguration section */

/* Begin XCConfigurationList section */
		42DD8F4019D410B1007E1B4A /* Build configuration list for PBXProject "Postcard" */ = {
			isa = XCConfigurationList;
			buildConfigurations = (
				42DD8F6219D410B2007E1B4A /* Debug */,
				42DD8F6319D410B2007E1B4A /* Release */,
			);
			defaultConfigurationIsVisible = 0;
			defaultConfigurationName = Release;
		};
		42DD8F6419D410B2007E1B4A /* Build configuration list for PBXNativeTarget "Postcard" */ = {
			isa = XCConfigurationList;
			buildConfigurations = (
				42DD8F6519D410B2007E1B4A /* Debug */,
				42DD8F6619D410B2007E1B4A /* Release */,
			);
			defaultConfigurationIsVisible = 0;
		};
		42DD8F6719D410B2007E1B4A /* Build configuration list for PBXNativeTarget "PostcardTests" */ = {
			isa = XCConfigurationList;
			buildConfigurations = (
				42DD8F6819D410B2007E1B4A /* Debug */,
				42DD8F6919D410B2007E1B4A /* Release */,
			);
			defaultConfigurationIsVisible = 0;
		};
/* End XCConfigurationList section */
	};
	rootObject = 42DD8F3D19D410B1007E1B4A /* Project object */;
}
